
Microsoft Visual Studio Solution File, Format Version 12.00
# Visual Studio Version 16
VisualStudioVersion = 16.0.29609.76
MinimumVisualStudioVersion = 10.0.40219.1
Project("{FAE04EC0-301F-11D3-BF4B-00C04F79EFBC}") = "Sahab.Enterprise.HR", "Sahab.Enterprise.HR\Sahab.Enterprise.HR.csproj", "{9D9DD2E8-E8E9-44DC-A573-2CC1E7332509}"
EndProject
Project("{FAE04EC0-301F-11D3-BF4B-00C04F79EFBC}") = "Sahab.Enterprise.HR.Tests", "Sahab.Enterprise.HR.Tests\Sahab.Enterprise.HR.Tests.csproj", "{8272048F-6E3E-4B0D-9061-5948836CC60F}"
EndProject
Project("{2150E333-8FDC-42A3-9474-1A3956D46DE8}") = "BLL Layer", "BLL Layer", "{96473791-0AC7-40CD-86C2-B8943B65BEBF}"
EndProject
Project("{2150E333-8FDC-42A3-9474-1A3956D46DE8}") = "DAL Layer", "DAL Layer", "{BB033D95-E49D-4EB2-811A-725C9694990D}"
EndProject
Project("{2150E333-8FDC-42A3-9474-1A3956D46DE8}") = "Presentation Layer", "Presentation Layer", "{8CD16E82-FBFA-4D48-AD94-B538D2989E22}"
EndProject
Project("{2150E333-8FDC-42A3-9474-1A3956D46DE8}") = "DTO Layer", "DTO Layer", "{5C8DAA28-44DD-4DD0-9EA5-4B33F3A0B213}"
EndProject
Project("{2150E333-8FDC-42A3-9474-1A3956D46DE8}") = "Helper Layer", "Helper Layer", "{06EF93CC-D32F-4492-B472-4C8EACA0A15C}"
EndProject
Project("{FAE04EC0-301F-11D3-BF4B-00C04F79EFBC}") = "HR.DAL", "HR.DAL\HR.DAL.csproj", "{32C5B747-EE2F-47A3-B528-83101A79D4C0}"
EndProject
Project("{FAE04EC0-301F-11D3-BF4B-00C04F79EFBC}") = "HR.BLL", "HR.BLL\HR.BLL.csproj", "{13CD5EF3-9005-41DB-8303-8EA0010CDC30}"
EndProject
Project("{FAE04EC0-301F-11D3-BF4B-00C04F79EFBC}") = "HR.DTO", "HR.DTO\HR.DTO.csproj", "{99D09E0C-9500-4189-98E5-A3D9FC0B7BDB}"
EndProject
Project("{FAE04EC0-301F-11D3-BF4B-00C04F79EFBC}") = "HR.Helper", "HR.Helper\HR.Helper.csproj", "{4E9F2B0D-7505-4930-9ED2-CD35182440CB}"
EndProject
Project("{2150E333-8FDC-42A3-9474-1A3956D46DE8}") = "Database Project", "Database Project", "{7FCA345D-959A-4ED0-9D10-585AC27C01F0}"
EndProject
Project("{00D1A9C2-B5F0-4AF3-8072-F6C62B433612}") = "HR.Database", "HR.Database\HR.Database.sqlproj", "{BFD1BC36-DD0F-45C9-94BC-60151EAF0DC6}"
EndProject
Global
	GlobalSection(SolutionConfigurationPlatforms) = preSolution
		Debug|Any CPU = Debug|Any CPU
		Release|Any CPU = Release|Any CPU
	EndGlobalSection
	GlobalSection(ProjectConfigurationPlatforms) = postSolution
		{9D9DD2E8-E8E9-44DC-A573-2CC1E7332509}.Debug|Any CPU.ActiveCfg = Debug|Any CPU
		{9D9DD2E8-E8E9-44DC-A573-2CC1E7332509}.Debug|Any CPU.Build.0 = Debug|Any CPU
		{9D9DD2E8-E8E9-44DC-A573-2CC1E7332509}.Release|Any CPU.ActiveCfg = Release|Any CPU
		{9D9DD2E8-E8E9-44DC-A573-2CC1E7332509}.Release|Any CPU.Build.0 = Release|Any CPU
		{8272048F-6E3E-4B0D-9061-5948836CC60F}.Debug|Any CPU.ActiveCfg = Debug|Any CPU
		{8272048F-6E3E-4B0D-9061-5948836CC60F}.Debug|Any CPU.Build.0 = Debug|Any CPU
		{8272048F-6E3E-4B0D-9061-5948836CC60F}.Release|Any CPU.ActiveCfg = Release|Any CPU
		{8272048F-6E3E-4B0D-9061-5948836CC60F}.Release|Any CPU.Build.0 = Release|Any CPU
		{32C5B747-EE2F-47A3-B528-83101A79D4C0}.Debug|Any CPU.ActiveCfg = Debug|Any CPU
		{32C5B747-EE2F-47A3-B528-83101A79D4C0}.Debug|Any CPU.Build.0 = Debug|Any CPU
		{32C5B747-EE2F-47A3-B528-83101A79D4C0}.Release|Any CPU.ActiveCfg = Release|Any CPU
		{32C5B747-EE2F-47A3-B528-83101A79D4C0}.Release|Any CPU.Build.0 = Release|Any CPU
		{13CD5EF3-9005-41DB-8303-8EA0010CDC30}.Debug|Any CPU.ActiveCfg = Debug|Any CPU
		{13CD5EF3-9005-41DB-8303-8EA0010CDC30}.Debug|Any CPU.Build.0 = Debug|Any CPU
		{13CD5EF3-9005-41DB-8303-8EA0010CDC30}.Release|Any CPU.ActiveCfg = Release|Any CPU
		{13CD5EF3-9005-41DB-8303-8EA0010CDC30}.Release|Any CPU.Build.0 = Release|Any CPU
		{99D09E0C-9500-4189-98E5-A3D9FC0B7BDB}.Debug|Any CPU.ActiveCfg = Debug|Any CPU
		{99D09E0C-9500-4189-98E5-A3D9FC0B7BDB}.Debug|Any CPU.Build.0 = Debug|Any CPU
		{99D09E0C-9500-4189-98E5-A3D9FC0B7BDB}.Release|Any CPU.ActiveCfg = Release|Any CPU
		{99D09E0C-9500-4189-98E5-A3D9FC0B7BDB}.Release|Any CPU.Build.0 = Release|Any CPU
		{4E9F2B0D-7505-4930-9ED2-CD35182440CB}.Debug|Any CPU.ActiveCfg = Debug|Any CPU
		{4E9F2B0D-7505-4930-9ED2-CD35182440CB}.Debug|Any CPU.Build.0 = Debug|Any CPU
		{4E9F2B0D-7505-4930-9ED2-CD35182440CB}.Release|Any CPU.ActiveCfg = Release|Any CPU
		{4E9F2B0D-7505-4930-9ED2-CD35182440CB}.Release|Any CPU.Build.0 = Release|Any CPU
		{BFD1BC36-DD0F-45C9-94BC-60151EAF0DC6}.Debug|Any CPU.ActiveCfg = Debug|Any CPU
		{BFD1BC36-DD0F-45C9-94BC-60151EAF0DC6}.Debug|Any CPU.Build.0 = Debug|Any CPU
		{BFD1BC36-DD0F-45C9-94BC-60151EAF0DC6}.Debug|Any CPU.Deploy.0 = Debug|Any CPU
		{BFD1BC36-DD0F-45C9-94BC-60151EAF0DC6}.Release|Any CPU.ActiveCfg = Release|Any CPU
		{BFD1BC36-DD0F-45C9-94BC-60151EAF0DC6}.Release|Any CPU.Build.0 = Release|Any CPU
		{BFD1BC36-DD0F-45C9-94BC-60151EAF0DC6}.Release|Any CPU.Deploy.0 = Release|Any CPU
	EndGlobalSection
	GlobalSection(SolutionProperties) = preSolution
		HideSolutionNode = FALSE
	EndGlobalSection
	GlobalSection(NestedProjects) = preSolution
		{9D9DD2E8-E8E9-44DC-A573-2CC1E7332509} = {8CD16E82-FBFA-4D48-AD94-B538D2989E22}
		{8272048F-6E3E-4B0D-9061-5948836CC60F} = {8CD16E82-FBFA-4D48-AD94-B538D2989E22}
		{32C5B747-EE2F-47A3-B528-83101A79D4C0} = {BB033D95-E49D-4EB2-811A-725C9694990D}
		{13CD5EF3-9005-41DB-8303-8EA0010CDC30} = {96473791-0AC7-40CD-86C2-B8943B65BEBF}
		{99D09E0C-9500-4189-98E5-A3D9FC0B7BDB} = {5C8DAA28-44DD-4DD0-9EA5-4B33F3A0B213}
		{4E9F2B0D-7505-4930-9ED2-CD35182440CB} = {06EF93CC-D32F-4492-B472-4C8EACA0A15C}
		{BFD1BC36-DD0F-45C9-94BC-60151EAF0DC6} = {7FCA345D-959A-4ED0-9D10-585AC27C01F0}
	EndGlobalSection
	GlobalSection(ExtensibilityGlobals) = postSolution
		SolutionGuid = {7A035706-1B88-440E-AC24-ED830DABC587}
	EndGlobalSection
EndGlobal
